
Microsoft Visual Studio Solution File, Format Version 12.00
# Visual Studio Version 16
VisualStudioVersion = 16.0.30011.22
MinimumVisualStudioVersion = 10.0.40219.1
Project("{FAE04EC0-301F-11D3-BF4B-00C04F79EFBC}") = "Pomodo.Api", "Pomodo.Api\Pomodo.Api.csproj", "{79A25755-17BE-44FC-9E63-82019DD10451}"
EndProject
Project("{FAE04EC0-301F-11D3-BF4B-00C04F79EFBC}") = "Pomodo.TodoService", "Pomodo.TodoService\Pomodo.TodoService.csproj", "{2C226265-3964-4FAA-95E4-27250E66A2F8}"
EndProject
Global
	GlobalSection(SolutionConfigurationPlatforms) = preSolution
		Debug|Any CPU = Debug|Any CPU
		Release|Any CPU = Release|Any CPU
	EndGlobalSection
	GlobalSection(ProjectConfigurationPlatforms) = postSolution
		{79A25755-17BE-44FC-9E63-82019DD10451}.Debug|Any CPU.ActiveCfg = Debug|Any CPU
		{79A25755-17BE-44FC-9E63-82019DD10451}.Debug|Any CPU.Build.0 = Debug|Any CPU
		{79A25755-17BE-44FC-9E63-82019DD10451}.Release|Any CPU.ActiveCfg = Release|Any CPU
		{79A25755-17BE-44FC-9E63-82019DD10451}.Release|Any CPU.Build.0 = Release|Any CPU
		{2C226265-3964-4FAA-95E4-27250E66A2F8}.Debug|Any CPU.ActiveCfg = Debug|Any CPU
		{2C226265-3964-4FAA-95E4-27250E66A2F8}.Debug|Any CPU.Build.0 = Debug|Any CPU
		{2C226265-3964-4FAA-95E4-27250E66A2F8}.Release|Any CPU.ActiveCfg = Release|Any CPU
		{2C226265-3964-4FAA-95E4-27250E66A2F8}.Release|Any CPU.Build.0 = Release|Any CPU
	EndGlobalSection
	GlobalSection(SolutionProperties) = preSolution
		HideSolutionNode = FALSE
	EndGlobalSection
	GlobalSection(ExtensibilityGlobals) = postSolution
		SolutionGuid = {83DA879A-C2FA-46BE-A59F-FBCC225060AA}
	EndGlobalSection
EndGlobal
